// !$*UTF8*$!
{
	archiveVersion = 1;
	classes = {
	};
	objectVersion = 56;
	objects = {

/* Begin PBXBuildFile section */
		E91919C2294429E1001DF420 /* ReceiptScannerAppApp.swift in Sources */ = {isa = PBXBuildFile; fileRef = E91919C1294429E1001DF420 /* ReceiptScannerAppApp.swift */; };
		E91919C4294429E1001DF420 /* ContentView.swift in Sources */ = {isa = PBXBuildFile; fileRef = E91919C3294429E1001DF420 /* ContentView.swift */; };
		E91919C6294429E2001DF420 /* Assets.xcassets in Resources */ = {isa = PBXBuildFile; fileRef = E91919C5294429E2001DF420 /* Assets.xcassets */; };
		E91919C9294429E2001DF420 /* Preview Assets.xcassets in Resources */ = {isa = PBXBuildFile; fileRef = E91919C8294429E2001DF420 /* Preview Assets.xcassets */; };
		E91919D129442FF2001DF420 /* Coordinator class.swift in Sources */ = {isa = PBXBuildFile; fileRef = E91919D029442FF2001DF420 /* Coordinator class.swift */; };
		E91919D329443038001DF420 /* ImagePicker class.swift in Sources */ = {isa = PBXBuildFile; fileRef = E91919D229443038001DF420 /* ImagePicker class.swift */; };
		E91919D729456FAF001DF420 /* StartView.swift in Sources */ = {isa = PBXBuildFile; fileRef = E91919D629456FAF001DF420 /* StartView.swift */; };
		E91919DB29457119001DF420 /* ReceiptsView.swift in Sources */ = {isa = PBXBuildFile; fileRef = E91919DA29457119001DF420 /* ReceiptsView.swift */; };
		E91919DD294572E7001DF420 /* ReceiptClass.swift in Sources */ = {isa = PBXBuildFile; fileRef = E91919DC294572E7001DF420 /* ReceiptClass.swift */; };
		E91919DF2946A7CA001DF420 /* PhotoOfReceiptView.swift in Sources */ = {isa = PBXBuildFile; fileRef = E91919DE2946A7CA001DF420 /* PhotoOfReceiptView.swift */; };
		E91919E12946BD91001DF420 /* RecognizeText.swift in Sources */ = {isa = PBXBuildFile; fileRef = E91919E02946BD91001DF420 /* RecognizeText.swift */; };
		E91919E529477D4E001DF420 /* InformationAboutAddedReceipts.swift in Sources */ = {isa = PBXBuildFile; fileRef = E91919E429477D4D001DF420 /* InformationAboutAddedReceipts.swift */; };
/* End PBXBuildFile section */

/* Begin PBXFileReference section */
		E91919BE294429E1001DF420 /* ReceiptScannerApp.app */ = {isa = PBXFileReference; explicitFileType = wrapper.application; includeInIndex = 0; path = ReceiptScannerApp.app; sourceTree = BUILT_PRODUCTS_DIR; };
		E91919C1294429E1001DF420 /* ReceiptScannerAppApp.swift */ = {isa = PBXFileReference; lastKnownFileType = sourcecode.swift; path = ReceiptScannerAppApp.swift; sourceTree = "<group>"; };
		E91919C3294429E1001DF420 /* ContentView.swift */ = {isa = PBXFileReference; lastKnownFileType = sourcecode.swift; path = ContentView.swift; sourceTree = "<group>"; };
		E91919C5294429E2001DF420 /* Assets.xcassets */ = {isa = PBXFileReference; lastKnownFileType = folder.assetcatalog; path = Assets.xcassets; sourceTree = "<group>"; };
		E91919C8294429E2001DF420 /* Preview Assets.xcassets */ = {isa = PBXFileReference; lastKnownFileType = folder.assetcatalog; path = "Preview Assets.xcassets"; sourceTree = "<group>"; };
		E91919CF29442EB5001DF420 /* Info.plist */ = {isa = PBXFileReference; lastKnownFileType = text.plist; path = Info.plist; sourceTree = "<group>"; };
		E91919D029442FF2001DF420 /* Coordinator class.swift */ = {isa = PBXFileReference; lastKnownFileType = sourcecode.swift; path = "Coordinator class.swift"; sourceTree = "<group>"; };
		E91919D229443038001DF420 /* ImagePicker class.swift */ = {isa = PBXFileReference; lastKnownFileType = sourcecode.swift; path = "ImagePicker class.swift"; sourceTree = "<group>"; };
		E91919D629456FAF001DF420 /* StartView.swift */ = {isa = PBXFileReference; lastKnownFileType = sourcecode.swift; path = StartView.swift; sourceTree = "<group>"; };
		E91919DA29457119001DF420 /* ReceiptsView.swift */ = {isa = PBXFileReference; lastKnownFileType = sourcecode.swift; path = ReceiptsView.swift; sourceTree = "<group>"; };
		E91919DC294572E7001DF420 /* ReceiptClass.swift */ = {isa = PBXFileReference; lastKnownFileType = sourcecode.swift; path = ReceiptClass.swift; sourceTree = "<group>"; };
		E91919DE2946A7CA001DF420 /* PhotoOfReceiptView.swift */ = {isa = PBXFileReference; lastKnownFileType = sourcecode.swift; path = PhotoOfReceiptView.swift; sourceTree = "<group>"; };
		E91919E02946BD91001DF420 /* RecognizeText.swift */ = {isa = PBXFileReference; lastKnownFileType = sourcecode.swift; path = RecognizeText.swift; sourceTree = "<group>"; };
		E91919E429477D4D001DF420 /* InformationAboutAddedReceipts.swift */ = {isa = PBXFileReference; lastKnownFileType = sourcecode.swift; path = InformationAboutAddedReceipts.swift; sourceTree = "<group>"; };
/* End PBXFileReference section */

/* Begin PBXFrameworksBuildPhase section */
		E91919BB294429E1001DF420 /* Frameworks */ = {
			isa = PBXFrameworksBuildPhase;
			buildActionMask = 2147483647;
			files = (
			);
			runOnlyForDeploymentPostprocessing = 0;
		};
/* End PBXFrameworksBuildPhase section */

/* Begin PBXGroup section */
		E91919B5294429E1001DF420 = {
			isa = PBXGroup;
			children = (
				E91919C0294429E1001DF420 /* ReceiptScannerApp */,
				E91919BF294429E1001DF420 /* Products */,
			);
			sourceTree = "<group>";
		};
		E91919BF294429E1001DF420 /* Products */ = {
			isa = PBXGroup;
			children = (
				E91919BE294429E1001DF420 /* ReceiptScannerApp.app */,
			);
			name = Products;
			sourceTree = "<group>";
		};
		E91919C0294429E1001DF420 /* ReceiptScannerApp */ = {
			isa = PBXGroup;
			children = (
				E91919CF29442EB5001DF420 /* Info.plist */,
				E91919C1294429E1001DF420 /* ReceiptScannerAppApp.swift */,
				E91919C3294429E1001DF420 /* ContentView.swift */,
				E91919C5294429E2001DF420 /* Assets.xcassets */,
				E91919D029442FF2001DF420 /* Coordinator class.swift */,
				E91919D229443038001DF420 /* ImagePicker class.swift */,
				E91919D629456FAF001DF420 /* StartView.swift */,
				E91919DA29457119001DF420 /* ReceiptsView.swift */,
				E91919DC294572E7001DF420 /* ReceiptClass.swift */,
				E91919DE2946A7CA001DF420 /* PhotoOfReceiptView.swift */,
				E91919E02946BD91001DF420 /* RecognizeText.swift */,
				E91919E429477D4D001DF420 /* InformationAboutAddedReceipts.swift */,
				E91919C7294429E2001DF420 /* Preview Content */,
			);
			path = ReceiptScannerApp;
			sourceTree = "<group>";
		};
		E91919C7294429E2001DF420 /* Preview Content */ = {
			isa = PBXGroup;
			children = (
				E91919C8294429E2001DF420 /* Preview Assets.xcassets */,
			);
			path = "Preview Content";
			sourceTree = "<group>";
		};
/* End PBXGroup section */

/* Begin PBXNativeTarget section */
		E91919BD294429E1001DF420 /* ReceiptScannerApp */ = {
			isa = PBXNativeTarget;
			buildConfigurationList = E91919CC294429E2001DF420 /* Build configuration list for PBXNativeTarget "ReceiptScannerApp" */;
			buildPhases = (
				E91919BA294429E1001DF420 /* Sources */,
				E91919BB294429E1001DF420 /* Frameworks */,
				E91919BC294429E1001DF420 /* Resources */,
			);
			buildRules = (
			);
			dependencies = (
			);
			name = ReceiptScannerApp;
			productName = ReceiptScannerApp;
			productReference = E91919BE294429E1001DF420 /* ReceiptScannerApp.app */;
			productType = "com.apple.product-type.application";
		};
/* End PBXNativeTarget section */

/* Begin PBXProject section */
		E91919B6294429E1001DF420 /* Project object */ = {
			isa = PBXProject;
			attributes = {
				BuildIndependentTargetsInParallel = 1;
				LastSwiftUpdateCheck = 1400;
				LastUpgradeCheck = 1400;
				TargetAttributes = {
					E91919BD294429E1001DF420 = {
						CreatedOnToolsVersion = 14.0.1;
					};
				};
			};
			buildConfigurationList = E91919B9294429E1001DF420 /* Build configuration list for PBXProject "ReceiptScannerApp" */;
			compatibilityVersion = "Xcode 14.0";
			developmentRegion = en;
			hasScannedForEncodings = 0;
			knownRegions = (
				en,
				Base,
			);
			mainGroup = E91919B5294429E1001DF420;
			productRefGroup = E91919BF294429E1001DF420 /* Products */;
			projectDirPath = "";
			projectRoot = "";
			targets = (
				E91919BD294429E1001DF420 /* ReceiptScannerApp */,
			);
		};
/* End PBXProject section */

/* Begin PBXResourcesBuildPhase section */
		E91919BC294429E1001DF420 /* Resources */ = {
			isa = PBXResourcesBuildPhase;
			buildActionMask = 2147483647;
			files = (
				E91919C9294429E2001DF420 /* Preview Assets.xcassets in Resources */,
				E91919C6294429E2001DF420 /* Assets.xcassets in Resources */,
			);
			runOnlyForDeploymentPostprocessing = 0;
		};
/* End PBXResourcesBuildPhase section */

/* Begin PBXSourcesBuildPhase section */
		E91919BA294429E1001DF420 /* Sources */ = {
			isa = PBXSourcesBuildPhase;
			buildActionMask = 2147483647;
			files = (
				E91919E12946BD91001DF420 /* RecognizeText.swift in Sources */,
				E91919C4294429E1001DF420 /* ContentView.swift in Sources */,
				E91919DF2946A7CA001DF420 /* PhotoOfReceiptView.swift in Sources */,
				E91919DB29457119001DF420 /* ReceiptsView.swift in Sources */,
				E91919E529477D4E001DF420 /* InformationAboutAddedReceipts.swift in Sources */,
				E91919D729456FAF001DF420 /* StartView.swift in Sources */,
				E91919DD294572E7001DF420 /* ReceiptClass.swift in Sources */,
				E91919D329443038001DF420 /* ImagePicker class.swift in Sources */,
				E91919C2294429E1001DF420 /* ReceiptScannerAppApp.swift in Sources */,
				E91919D129442FF2001DF420 /* Coordinator class.swift in Sources */,
			);
			runOnlyForDeploymentPostprocessing = 0;
		};
/* End PBXSourcesBuildPhase section */

/* Begin XCBuildConfiguration section */
		E91919CA294429E2001DF420 /* Debug */ = {
			isa = XCBuildConfiguration;
			buildSettings = {
				ALWAYS_SEARCH_USER_PATHS = NO;
				CLANG_ANALYZER_NONNULL = YES;
				CLANG_ANALYZER_NUMBER_OBJECT_CONVERSION = YES_AGGRESSIVE;
				CLANG_CXX_LANGUAGE_STANDARD = "gnu++20";
				CLANG_ENABLE_MODULES = YES;
				CLANG_ENABLE_OBJC_ARC = YES;
				CLANG_ENABLE_OBJC_WEAK = YES;
				CLANG_WARN_BLOCK_CAPTURE_AUTORELEASING = YES;
				CLANG_WARN_BOOL_CONVERSION = YES;
				CLANG_WARN_COMMA = YES;
				CLANG_WARN_CONSTANT_CONVERSION = YES;
				CLANG_WARN_DEPRECATED_OBJC_IMPLEMENTATIONS = YES;
				CLANG_WARN_DIRECT_OBJC_ISA_USAGE = YES_ERROR;
				CLANG_WARN_DOCUMENTATION_COMMENTS = YES;
				CLANG_WARN_EMPTY_BODY = YES;
				CLANG_WARN_ENUM_CONVERSION = YES;
				CLANG_WARN_INFINITE_RECURSION = YES;
				CLANG_WARN_INT_CONVERSION = YES;
				CLANG_WARN_NON_LITERAL_NULL_CONVERSION = YES;
				CLANG_WARN_OBJC_IMPLICIT_RETAIN_SELF = YES;
				CLANG_WARN_OBJC_LITERAL_CONVERSION = YES;
				CLANG_WARN_OBJC_ROOT_CLASS = YES_ERROR;
				CLANG_WARN_QUOTED_INCLUDE_IN_FRAMEWORK_HEADER = YES;
				CLANG_WARN_RANGE_LOOP_ANALYSIS = YES;
				CLANG_WARN_STRICT_PROTOTYPES = YES;
				CLANG_WARN_SUSPICIOUS_MOVE = YES;
				CLANG_WARN_UNGUARDED_AVAILABILITY = YES_AGGRESSIVE;
				CLANG_WARN_UNREACHABLE_CODE = YES;
				CLANG_WARN__DUPLICATE_METHOD_MATCH = YES;
				COPY_PHASE_STRIP = NO;
				DEBUG_INFORMATION_FORMAT = dwarf;
				ENABLE_STRICT_OBJC_MSGSEND = YES;
				ENABLE_TESTABILITY = YES;
				GCC_C_LANGUAGE_STANDARD = gnu11;
				GCC_DYNAMIC_NO_PIC = NO;
				GCC_NO_COMMON_BLOCKS = YES;
				GCC_OPTIMIZATION_LEVEL = 0;
				GCC_PREPROCESSOR_DEFINITIONS = (
					"DEBUG=1",
					"$(inherited)",
				);
				GCC_WARN_64_TO_32_BIT_CONVERSION = YES;
				GCC_WARN_ABOUT_RETURN_TYPE = YES_ERROR;
				GCC_WARN_UNDECLARED_SELECTOR = YES;
				GCC_WARN_UNINITIALIZED_AUTOS = YES_AGGRESSIVE;
				GCC_WARN_UNUSED_FUNCTION = YES;
				GCC_WARN_UNUSED_VARIABLE = YES;
				IPHONEOS_DEPLOYMENT_TARGET = 16.0;
				MTL_ENABLE_DEBUG_INFO = INCLUDE_SOURCE;
				MTL_FAST_MATH = YES;
				ONLY_ACTIVE_ARCH = YES;
				SDKROOT = iphoneos;
				SWIFT_ACTIVE_COMPILATION_CONDITIONS = DEBUG;
				SWIFT_OPTIMIZATION_LEVEL = "-Onone";
			};
			name = Debug;
		};
		E91919CB294429E2001DF420 /* Release */ = {
			isa = XCBuildConfiguration;
			buildSettings = {
				ALWAYS_SEARCH_USER_PATHS = NO;
				CLANG_ANALYZER_NONNULL = YES;
				CLANG_ANALYZER_NUMBER_OBJECT_CONVERSION = YES_AGGRESSIVE;
				CLANG_CXX_LANGUAGE_STANDARD = "gnu++20";
				CLANG_ENABLE_MODULES = YES;
				CLANG_ENABLE_OBJC_ARC = YES;
				CLANG_ENABLE_OBJC_WEAK = YES;
				CLANG_WARN_BLOCK_CAPTURE_AUTORELEASING = YES;
				CLANG_WARN_BOOL_CONVERSION = YES;
				CLANG_WARN_COMMA = YES;
				CLANG_WARN_CONSTANT_CONVERSION = YES;
				CLANG_WARN_DEPRECATED_OBJC_IMPLEMENTATIONS = YES;
				CLANG_WARN_DIRECT_OBJC_ISA_USAGE = YES_ERROR;
				CLANG_WARN_DOCUMENTATION_COMMENTS = YES;
				CLANG_WARN_EMPTY_BODY = YES;
				CLANG_WARN_ENUM_CONVERSION = YES;
				CLANG_WARN_INFINITE_RECURSION = YES;
				CLANG_WARN_INT_CONVERSION = YES;
				CLANG_WARN_NON_LITERAL_NULL_CONVERSION = YES;
				CLANG_WARN_OBJC_IMPLICIT_RETAIN_SELF = YES;
				CLANG_WARN_OBJC_LITERAL_CONVERSION = YES;
				CLANG_WARN_OBJC_ROOT_CLASS = YES_ERROR;
				CLANG_WARN_QUOTED_INCLUDE_IN_FRAMEWORK_HEADER = YES;
				CLANG_WARN_RANGE_LOOP_ANALYSIS = YES;
				CLANG_WARN_STRICT_PROTOTYPES = YES;
				CLANG_WARN_SUSPICIOUS_MOVE = YES;
				CLANG_WARN_UNGUARDED_AVAILABILITY = YES_AGGRESSIVE;
				CLANG_WARN_UNREACHABLE_CODE = YES;
				CLANG_WARN__DUPLICATE_METHOD_MATCH = YES;
				COPY_PHASE_STRIP = NO;
				DEBUG_INFORMATION_FORMAT = "dwarf-with-dsym";
				ENABLE_NS_ASSERTIONS = NO;
				ENABLE_STRICT_OBJC_MSGSEND = YES;
				GCC_C_LANGUAGE_STANDARD = gnu11;
				GCC_NO_COMMON_BLOCKS = YES;
				GCC_WARN_64_TO_32_BIT_CONVERSION = YES;
				GCC_WARN_ABOUT_RETURN_TYPE = YES_ERROR;
				GCC_WARN_UNDECLARED_SELECTOR = YES;
				GCC_WARN_UNINITIALIZED_AUTOS = YES_AGGRESSIVE;
				GCC_WARN_UNUSED_FUNCTION = YES;
				GCC_WARN_UNUSED_VARIABLE = YES;
				IPHONEOS_DEPLOYMENT_TARGET = 16.0;
				MTL_ENABLE_DEBUG_INFO = NO;
				MTL_FAST_MATH = YES;
				SDKROOT = iphoneos;
				SWIFT_COMPILATION_MODE = wholemodule;
				SWIFT_OPTIMIZATION_LEVEL = "-O";
				VALIDATE_PRODUCT = YES;
			};
			name = Release;
		};
		E91919CD294429E2001DF420 /* Debug */ = {
			isa = XCBuildConfiguration;
			buildSettings = {
				ASSETCATALOG_COMPILER_APPICON_NAME = AppIcon;
				ASSETCATALOG_COMPILER_GLOBAL_ACCENT_COLOR_NAME = AccentColor;
				CODE_SIGN_STYLE = Automatic;
				CURRENT_PROJECT_VERSION = 1;
				DEVELOPMENT_ASSET_PATHS = "\"ReceiptScannerApp/Preview Content\"";
				DEVELOPMENT_TEAM = 2QNR8437M4;
				ENABLE_PREVIEWS = YES;
				GENERATE_INFOPLIST_FILE = YES;
				INFOPLIST_FILE = ReceiptScannerApp/Info.plist;
				INFOPLIST_KEY_NSCameraUsageDescription = "We need the camera permission";
				INFOPLIST_KEY_UIApplicationSceneManifest_Generation = YES;
				INFOPLIST_KEY_UIApplicationSupportsIndirectInputEvents = YES;
				INFOPLIST_KEY_UILaunchScreen_Generation = YES;
				INFOPLIST_KEY_UISupportedInterfaceOrientations_iPad = "UIInterfaceOrientationPortrait UIInterfaceOrientationPortraitUpsideDown UIInterfaceOrientationLandscapeLeft UIInterfaceOrientationLandscapeRight";
				INFOPLIST_KEY_UISupportedInterfaceOrientations_iPhone = "UIInterfaceOrientationPortrait UIInterfaceOrientationLandscapeLeft UIInterfaceOrientationLandscapeRight";
				LD_RUNPATH_SEARCH_PATHS = (
					"$(inherited)",
					"@executable_path/Frameworks",
				);
				MARKETING_VERSION = 1.0;
				PRODUCT_BUNDLE_IDENTIFIER = com.Boubel.ReceiptScannerApp;
				PRODUCT_NAME = "$(TARGET_NAME)";
				SWIFT_EMIT_LOC_STRINGS = YES;
				SWIFT_VERSION = 5.0;
				TARGETED_DEVICE_FAMILY = "1,2";
			};
			name = Debug;
		};
		E91919CE294429E2001DF420 /* Release */ = {
			isa = XCBuildConfiguration;
			buildSettings = {
				ASSETCATALOG_COMPILER_APPICON_NAME = AppIcon;
				ASSETCATALOG_COMPILER_GLOBAL_ACCENT_COLOR_NAME = AccentColor;
				CODE_SIGN_STYLE = Automatic;
				CURRENT_PROJECT_VERSION = 1;
				DEVELOPMENT_ASSET_PATHS = "\"ReceiptScannerApp/Preview Content\"";
				DEVELOPMENT_TEAM = 2QNR8437M4;
				ENABLE_PREVIEWS = YES;
				GENERATE_INFOPLIST_FILE = YES;
				INFOPLIST_FILE = ReceiptScannerApp/Info.plist;
				INFOPLIST_KEY_NSCameraUsageDescription = "We need the camera permission";
				INFOPLIST_KEY_UIApplicationSceneManifest_Generation = YES;
				INFOPLIST_KEY_UIApplicationSupportsIndirectInputEvents = YES;
				INFOPLIST_KEY_UILaunchScreen_Generation = YES;
				INFOPLIST_KEY_UISupportedInterfaceOrientations_iPad = "UIInterfaceOrientationPortrait UIInterfaceOrientationPortraitUpsideDown UIInterfaceOrientationLandscapeLeft UIInterfaceOrientationLandscapeRight";
				INFOPLIST_KEY_UISupportedInterfaceOrientations_iPhone = "UIInterfaceOrientationPortrait UIInterfaceOrientationLandscapeLeft UIInterfaceOrientationLandscapeRight";
				LD_RUNPATH_SEARCH_PATHS = (
					"$(inherited)",
					"@executable_path/Frameworks",
				);
				MARKETING_VERSION = 1.0;
				PRODUCT_BUNDLE_IDENTIFIER = com.Boubel.ReceiptScannerApp;
				PRODUCT_NAME = "$(TARGET_NAME)";
				SWIFT_EMIT_LOC_STRINGS = YES;
				SWIFT_VERSION = 5.0;
				TARGETED_DEVICE_FAMILY = "1,2";
			};
			name = Release;
		};
/* End XCBuildConfiguration section */

/* Begin XCConfigurationList section */
		E91919B9294429E1001DF420 /* Build configuration list for PBXProject "ReceiptScannerApp" */ = {
			isa = XCConfigurationList;
			buildConfigurations = (
				E91919CA294429E2001DF420 /* Debug */,
				E91919CB294429E2001DF420 /* Release */,
			);
			defaultConfigurationIsVisible = 0;
			defaultConfigurationName = Release;
		};
		E91919CC294429E2001DF420 /* Build configuration list for PBXNativeTarget "ReceiptScannerApp" */ = {
			isa = XCConfigurationList;
			buildConfigurations = (
				E91919CD294429E2001DF420 /* Debug */,
				E91919CE294429E2001DF420 /* Release */,
			);
			defaultConfigurationIsVisible = 0;
			defaultConfigurationName = Release;
		};
/* End XCConfigurationList section */
	};
	rootObject = E91919B6294429E1001DF420 /* Project object */;
}
